
Microsoft Visual Studio Solution File, Format Version 12.00
# Visual Studio 15
VisualStudioVersion = 15.0.27428.2043
MinimumVisualStudioVersion = 10.0.40219.1
Project("{9A19103F-16F7-4668-BE54-9A1E7A4F7556}") = "MessengerUI", "MessengerUI\MessengerUI.csproj", "{AFBAF308-B319-432A-B120-9BDCF267678C}"
EndProject
Project("{E53339B2-1760-4266-BCC7-CA923CBCF16C}") = "docker-compose", "docker-compose.dcproj", "{45ADAA44-1195-463C-B007-E5C1FD1BEFC2}"
EndProject
Global
	GlobalSection(SolutionConfigurationPlatforms) = preSolution
		Debug|Any CPU = Debug|Any CPU
		Release|Any CPU = Release|Any CPU
	EndGlobalSection
	GlobalSection(ProjectConfigurationPlatforms) = postSolution
		{AFBAF308-B319-432A-B120-9BDCF267678C}.Debug|Any CPU.ActiveCfg = Debug|Any CPU
		{AFBAF308-B319-432A-B120-9BDCF267678C}.Debug|Any CPU.Build.0 = Debug|Any CPU
		{AFBAF308-B319-432A-B120-9BDCF267678C}.Release|Any CPU.ActiveCfg = Release|Any CPU
		{AFBAF308-B319-432A-B120-9BDCF267678C}.Release|Any CPU.Build.0 = Release|Any CPU
		{45ADAA44-1195-463C-B007-E5C1FD1BEFC2}.Debug|Any CPU.ActiveCfg = Debug|Any CPU
		{45ADAA44-1195-463C-B007-E5C1FD1BEFC2}.Debug|Any CPU.Build.0 = Debug|Any CPU
		{45ADAA44-1195-463C-B007-E5C1FD1BEFC2}.Release|Any CPU.ActiveCfg = Release|Any CPU
		{45ADAA44-1195-463C-B007-E5C1FD1BEFC2}.Release|Any CPU.Build.0 = Release|Any CPU
	EndGlobalSection
	GlobalSection(SolutionProperties) = preSolution
		HideSolutionNode = FALSE
	EndGlobalSection
	GlobalSection(ExtensibilityGlobals) = postSolution
		SolutionGuid = {F82D2C7C-3C0D-4335-9C23-27CC5DD27747}
	EndGlobalSection
EndGlobal
